
Microsoft Visual Studio Solution File, Format Version 12.00
# Visual Studio Version 17
VisualStudioVersion = 17.13.35919.96 d17.13
MinimumVisualStudioVersion = 10.0.40219.1
Project("{2150E333-8FDC-42A3-9474-1A3956D46DE8}") = "src", "src", "{02EA681E-C7D8-13C7-8484-4AC65E1B71E8}"
EndProject
Project("{2150E333-8FDC-42A3-9474-1A3956D46DE8}") = "Common", "Common", "{12D60B35-8F0B-4EB4-8E27-277C80E01187}"
EndProject
Project("{2150E333-8FDC-42A3-9474-1A3956D46DE8}") = "ui", "ui", "{320F8F1A-7C29-4719-881A-90CA05A3F52D}"
EndProject
Project("{FAE04EC0-301F-11D3-BF4B-00C04F79EFBC}") = "AuthExcelService.Common", "AuthExcelService.Common\AuthExcelService.Common.csproj", "{5A26A1AA-5EAF-4C51-BCB7-B29CD96958F8}"
EndProject
Project("{2150E333-8FDC-42A3-9474-1A3956D46DE8}") = "Api", "Api", "{E40943A4-35B4-402C-8E2B-5B063CF001F0}"
EndProject
Project("{FAE04EC0-301F-11D3-BF4B-00C04F79EFBC}") = "AuthExcelService.API", "AuthExcelService.API\AuthExcelService.API.csproj", "{FCE4AC7E-5E77-445B-9499-CC193C8F2DA5}"
EndProject
Project("{FAE04EC0-301F-11D3-BF4B-00C04F79EFBC}") = "AuthExcelService.WebApp", "AuthExcelService.WebApp\AuthExcelService.WebApp.csproj", "{E0BF388A-47C9-4D7A-8840-0AD21B70912C}"
EndProject
Project("{2150E333-8FDC-42A3-9474-1A3956D46DE8}") = "Services", "Services", "{D07B18BD-37A5-4032-8C89-05DA5A605940}"
EndProject
Project("{FAE04EC0-301F-11D3-BF4B-00C04F79EFBC}") = "AuthExcelService.Domain", "AuthExcelService.Domain\AuthExcelService.Domain.csproj", "{ED7BD5CA-F92D-40FB-A7A1-CFB792CAEB8B}"
EndProject
Project("{FAE04EC0-301F-11D3-BF4B-00C04F79EFBC}") = "AuthExcelService.Persistence", "AuthExcelService.Persistence\AuthExcelService.Persistence.csproj", "{D580B663-AAB4-422C-8063-B6490DACCD43}"
EndProject
Project("{FAE04EC0-301F-11D3-BF4B-00C04F79EFBC}") = "AuthExcelService.Repositoies", "AuthExcelService.Repositoies\AuthExcelService.Repositoies.csproj", "{44E3277C-00F3-4CF5-9F04-C8C5D4D56330}"
EndProject
Project("{FAE04EC0-301F-11D3-BF4B-00C04F79EFBC}") = "AuthExcelService.Utility", "Utility\AuthExcelService.Utility.csproj", "{44ED6863-7175-4941-83DD-574C224456A0}"
EndProject
Project("{FAE04EC0-301F-11D3-BF4B-00C04F79EFBC}") = "AuthExcelService.Services", "AuthExcelService.Services\AuthExcelService.Services.csproj", "{7370C158-5F38-4929-BC60-F48C10F7E74A}"
EndProject
Global
	GlobalSection(SolutionConfigurationPlatforms) = preSolution
		Debug|Any CPU = Debug|Any CPU
		Release|Any CPU = Release|Any CPU
	EndGlobalSection
	GlobalSection(ProjectConfigurationPlatforms) = postSolution
		{5A26A1AA-5EAF-4C51-BCB7-B29CD96958F8}.Debug|Any CPU.ActiveCfg = Debug|Any CPU
		{5A26A1AA-5EAF-4C51-BCB7-B29CD96958F8}.Debug|Any CPU.Build.0 = Debug|Any CPU
		{5A26A1AA-5EAF-4C51-BCB7-B29CD96958F8}.Release|Any CPU.ActiveCfg = Release|Any CPU
		{5A26A1AA-5EAF-4C51-BCB7-B29CD96958F8}.Release|Any CPU.Build.0 = Release|Any CPU
		{FCE4AC7E-5E77-445B-9499-CC193C8F2DA5}.Debug|Any CPU.ActiveCfg = Debug|Any CPU
		{FCE4AC7E-5E77-445B-9499-CC193C8F2DA5}.Debug|Any CPU.Build.0 = Debug|Any CPU
		{FCE4AC7E-5E77-445B-9499-CC193C8F2DA5}.Release|Any CPU.ActiveCfg = Release|Any CPU
		{FCE4AC7E-5E77-445B-9499-CC193C8F2DA5}.Release|Any CPU.Build.0 = Release|Any CPU
		{E0BF388A-47C9-4D7A-8840-0AD21B70912C}.Debug|Any CPU.ActiveCfg = Debug|Any CPU
		{E0BF388A-47C9-4D7A-8840-0AD21B70912C}.Debug|Any CPU.Build.0 = Debug|Any CPU
		{E0BF388A-47C9-4D7A-8840-0AD21B70912C}.Release|Any CPU.ActiveCfg = Release|Any CPU
		{E0BF388A-47C9-4D7A-8840-0AD21B70912C}.Release|Any CPU.Build.0 = Release|Any CPU
		{ED7BD5CA-F92D-40FB-A7A1-CFB792CAEB8B}.Debug|Any CPU.ActiveCfg = Debug|Any CPU
		{ED7BD5CA-F92D-40FB-A7A1-CFB792CAEB8B}.Debug|Any CPU.Build.0 = Debug|Any CPU
		{ED7BD5CA-F92D-40FB-A7A1-CFB792CAEB8B}.Release|Any CPU.ActiveCfg = Release|Any CPU
		{ED7BD5CA-F92D-40FB-A7A1-CFB792CAEB8B}.Release|Any CPU.Build.0 = Release|Any CPU
		{D580B663-AAB4-422C-8063-B6490DACCD43}.Debug|Any CPU.ActiveCfg = Debug|Any CPU
		{D580B663-AAB4-422C-8063-B6490DACCD43}.Debug|Any CPU.Build.0 = Debug|Any CPU
		{D580B663-AAB4-422C-8063-B6490DACCD43}.Release|Any CPU.ActiveCfg = Release|Any CPU
		{D580B663-AAB4-422C-8063-B6490DACCD43}.Release|Any CPU.Build.0 = Release|Any CPU
		{44E3277C-00F3-4CF5-9F04-C8C5D4D56330}.Debug|Any CPU.ActiveCfg = Debug|Any CPU
		{44E3277C-00F3-4CF5-9F04-C8C5D4D56330}.Debug|Any CPU.Build.0 = Debug|Any CPU
		{44E3277C-00F3-4CF5-9F04-C8C5D4D56330}.Release|Any CPU.ActiveCfg = Release|Any CPU
		{44E3277C-00F3-4CF5-9F04-C8C5D4D56330}.Release|Any CPU.Build.0 = Release|Any CPU
		{44ED6863-7175-4941-83DD-574C224456A0}.Debug|Any CPU.ActiveCfg = Debug|Any CPU
		{44ED6863-7175-4941-83DD-574C224456A0}.Debug|Any CPU.Build.0 = Debug|Any CPU
		{44ED6863-7175-4941-83DD-574C224456A0}.Release|Any CPU.ActiveCfg = Release|Any CPU
		{44ED6863-7175-4941-83DD-574C224456A0}.Release|Any CPU.Build.0 = Release|Any CPU
		{7370C158-5F38-4929-BC60-F48C10F7E74A}.Debug|Any CPU.ActiveCfg = Debug|Any CPU
		{7370C158-5F38-4929-BC60-F48C10F7E74A}.Debug|Any CPU.Build.0 = Debug|Any CPU
		{7370C158-5F38-4929-BC60-F48C10F7E74A}.Release|Any CPU.ActiveCfg = Release|Any CPU
		{7370C158-5F38-4929-BC60-F48C10F7E74A}.Release|Any CPU.Build.0 = Release|Any CPU
	EndGlobalSection
	GlobalSection(SolutionProperties) = preSolution
		HideSolutionNode = FALSE
	EndGlobalSection
	GlobalSection(NestedProjects) = preSolution
		{12D60B35-8F0B-4EB4-8E27-277C80E01187} = {02EA681E-C7D8-13C7-8484-4AC65E1B71E8}
		{5A26A1AA-5EAF-4C51-BCB7-B29CD96958F8} = {12D60B35-8F0B-4EB4-8E27-277C80E01187}
		{E40943A4-35B4-402C-8E2B-5B063CF001F0} = {02EA681E-C7D8-13C7-8484-4AC65E1B71E8}
		{FCE4AC7E-5E77-445B-9499-CC193C8F2DA5} = {E40943A4-35B4-402C-8E2B-5B063CF001F0}
		{E0BF388A-47C9-4D7A-8840-0AD21B70912C} = {320F8F1A-7C29-4719-881A-90CA05A3F52D}
		{D07B18BD-37A5-4032-8C89-05DA5A605940} = {02EA681E-C7D8-13C7-8484-4AC65E1B71E8}
		{ED7BD5CA-F92D-40FB-A7A1-CFB792CAEB8B} = {D07B18BD-37A5-4032-8C89-05DA5A605940}
		{D580B663-AAB4-422C-8063-B6490DACCD43} = {D07B18BD-37A5-4032-8C89-05DA5A605940}
		{44E3277C-00F3-4CF5-9F04-C8C5D4D56330} = {D07B18BD-37A5-4032-8C89-05DA5A605940}
		{44ED6863-7175-4941-83DD-574C224456A0} = {320F8F1A-7C29-4719-881A-90CA05A3F52D}
		{7370C158-5F38-4929-BC60-F48C10F7E74A} = {320F8F1A-7C29-4719-881A-90CA05A3F52D}
	EndGlobalSection
	GlobalSection(ExtensibilityGlobals) = postSolution
		SolutionGuid = {ACFE931A-44AD-4503-A50D-A0878D6462DB}
	EndGlobalSection
EndGlobal
